
Microsoft Visual Studio Solution File, Format Version 12.00
# Visual Studio Version 17
VisualStudioVersion = 17.3.32825.248
MinimumVisualStudioVersion = 10.0.40219.1
Project("{8BC9CEB8-8B4A-11D0-8D11-00A0C91BC942}") = "Lucky Tickets", "Lucky Tickets\Lucky Tickets.vcxproj", "{17E330BD-4FC1-4621-8AC8-AF80E91CD212}"
EndProject
Project("{8BC9CEB8-8B4A-11D0-8D11-00A0C91BC942}") = "Number of non-zero bits", "Circular shift\Circular shift.vcxproj", "{1015D1A0-742F-43FC-B529-8B725DDCB9E4}"
EndProject
Project("{8BC9CEB8-8B4A-11D0-8D11-00A0C91BC942}") = "Array reversing", "Array reversing\Array reversing.vcxproj", "{69807B1C-B58E-4710-A9B9-50F8668A2480}"
EndProject
Project("{8BC9CEB8-8B4A-11D0-8D11-00A0C91BC942}") = "Parentheses balance", "Parentheses balance\Parentheses balance.vcxproj", "{27A00FA6-2EBC-4899-B39F-51AFBB501105}"
EndProject
Project("{8BC9CEB8-8B4A-11D0-8D11-00A0C91BC942}") = "Boyer-Moore string finding algorithm", "Boyer-Moore string finding algorithm\Boyer-Moore string finding algorithm.vcxproj", "{575C12F2-6F82-4B75-AC2E-35C7DEC30339}"
EndProject
Project("{8BC9CEB8-8B4A-11D0-8D11-00A0C91BC942}") = "Quicksort", "Quicksort\Quicksort.vcxproj", "{83793FDA-5692-4B3F-8602-9DAD4DDEE9BD}"
EndProject
Project("{8BC9CEB8-8B4A-11D0-8D11-00A0C91BC942}") = "Rational numbers", "Rational numbers\Rational numbers.vcxproj", "{D79F31DE-CFF6-4965-BF19-C4C2183488FE}"
EndProject
Project("{8BC9CEB8-8B4A-11D0-8D11-00A0C91BC942}") = "SList", "SList\SList.vcxproj", "{D7964EC8-C3D2-4A38-82DF-9EFDE88DF64D}"
EndProject
Project("{8BC9CEB8-8B4A-11D0-8D11-00A0C91BC942}") = "List-based Stack", "List-based Stack\List-based Stack.vcxproj", "{B443CED6-EC5C-49C3-A6EE-88B3B32FB683}"
EndProject
Global
	GlobalSection(SolutionConfigurationPlatforms) = preSolution
		Debug|x64 = Debug|x64
		Debug|x86 = Debug|x86
		Release|x64 = Release|x64
		Release|x86 = Release|x86
	EndGlobalSection
	GlobalSection(ProjectConfigurationPlatforms) = postSolution
		{17E330BD-4FC1-4621-8AC8-AF80E91CD212}.Debug|x64.ActiveCfg = Debug|x64
		{17E330BD-4FC1-4621-8AC8-AF80E91CD212}.Debug|x64.Build.0 = Debug|x64
		{17E330BD-4FC1-4621-8AC8-AF80E91CD212}.Debug|x86.ActiveCfg = Debug|Win32
		{17E330BD-4FC1-4621-8AC8-AF80E91CD212}.Debug|x86.Build.0 = Debug|Win32
		{17E330BD-4FC1-4621-8AC8-AF80E91CD212}.Release|x64.ActiveCfg = Release|x64
		{17E330BD-4FC1-4621-8AC8-AF80E91CD212}.Release|x64.Build.0 = Release|x64
		{17E330BD-4FC1-4621-8AC8-AF80E91CD212}.Release|x86.ActiveCfg = Release|Win32
		{17E330BD-4FC1-4621-8AC8-AF80E91CD212}.Release|x86.Build.0 = Release|Win32
		{1015D1A0-742F-43FC-B529-8B725DDCB9E4}.Debug|x64.ActiveCfg = Debug|x64
		{1015D1A0-742F-43FC-B529-8B725DDCB9E4}.Debug|x64.Build.0 = Debug|x64
		{1015D1A0-742F-43FC-B529-8B725DDCB9E4}.Debug|x86.ActiveCfg = Debug|Win32
		{1015D1A0-742F-43FC-B529-8B725DDCB9E4}.Debug|x86.Build.0 = Debug|Win32
		{1015D1A0-742F-43FC-B529-8B725DDCB9E4}.Release|x64.ActiveCfg = Release|x64
		{1015D1A0-742F-43FC-B529-8B725DDCB9E4}.Release|x64.Build.0 = Release|x64
		{1015D1A0-742F-43FC-B529-8B725DDCB9E4}.Release|x86.ActiveCfg = Release|Win32
		{1015D1A0-742F-43FC-B529-8B725DDCB9E4}.Release|x86.Build.0 = Release|Win32
		{69807B1C-B58E-4710-A9B9-50F8668A2480}.Debug|x64.ActiveCfg = Debug|x64
		{69807B1C-B58E-4710-A9B9-50F8668A2480}.Debug|x64.Build.0 = Debug|x64
		{69807B1C-B58E-4710-A9B9-50F8668A2480}.Debug|x86.ActiveCfg = Debug|Win32
		{69807B1C-B58E-4710-A9B9-50F8668A2480}.Debug|x86.Build.0 = Debug|Win32
		{69807B1C-B58E-4710-A9B9-50F8668A2480}.Release|x64.ActiveCfg = Release|x64
		{69807B1C-B58E-4710-A9B9-50F8668A2480}.Release|x64.Build.0 = Release|x64
		{69807B1C-B58E-4710-A9B9-50F8668A2480}.Release|x86.ActiveCfg = Release|Win32
		{69807B1C-B58E-4710-A9B9-50F8668A2480}.Release|x86.Build.0 = Release|Win32
		{27A00FA6-2EBC-4899-B39F-51AFBB501105}.Debug|x64.ActiveCfg = Debug|x64
		{27A00FA6-2EBC-4899-B39F-51AFBB501105}.Debug|x64.Build.0 = Debug|x64
		{27A00FA6-2EBC-4899-B39F-51AFBB501105}.Debug|x86.ActiveCfg = Debug|Win32
		{27A00FA6-2EBC-4899-B39F-51AFBB501105}.Debug|x86.Build.0 = Debug|Win32
		{27A00FA6-2EBC-4899-B39F-51AFBB501105}.Release|x64.ActiveCfg = Release|x64
		{27A00FA6-2EBC-4899-B39F-51AFBB501105}.Release|x64.Build.0 = Release|x64
		{27A00FA6-2EBC-4899-B39F-51AFBB501105}.Release|x86.ActiveCfg = Release|Win32
		{27A00FA6-2EBC-4899-B39F-51AFBB501105}.Release|x86.Build.0 = Release|Win32
		{575C12F2-6F82-4B75-AC2E-35C7DEC30339}.Debug|x64.ActiveCfg = Debug|x64
		{575C12F2-6F82-4B75-AC2E-35C7DEC30339}.Debug|x64.Build.0 = Debug|x64
		{575C12F2-6F82-4B75-AC2E-35C7DEC30339}.Debug|x86.ActiveCfg = Debug|Win32
		{575C12F2-6F82-4B75-AC2E-35C7DEC30339}.Debug|x86.Build.0 = Debug|Win32
		{575C12F2-6F82-4B75-AC2E-35C7DEC30339}.Release|x64.ActiveCfg = Release|x64
		{575C12F2-6F82-4B75-AC2E-35C7DEC30339}.Release|x64.Build.0 = Release|x64
		{575C12F2-6F82-4B75-AC2E-35C7DEC30339}.Release|x86.ActiveCfg = Release|Win32
		{575C12F2-6F82-4B75-AC2E-35C7DEC30339}.Release|x86.Build.0 = Release|Win32
		{83793FDA-5692-4B3F-8602-9DAD4DDEE9BD}.Debug|x64.ActiveCfg = Debug|x64
		{83793FDA-5692-4B3F-8602-9DAD4DDEE9BD}.Debug|x64.Build.0 = Debug|x64
		{83793FDA-5692-4B3F-8602-9DAD4DDEE9BD}.Debug|x86.ActiveCfg = Debug|Win32
		{83793FDA-5692-4B3F-8602-9DAD4DDEE9BD}.Debug|x86.Build.0 = Debug|Win32
		{83793FDA-5692-4B3F-8602-9DAD4DDEE9BD}.Release|x64.ActiveCfg = Release|x64
		{83793FDA-5692-4B3F-8602-9DAD4DDEE9BD}.Release|x64.Build.0 = Release|x64
		{83793FDA-5692-4B3F-8602-9DAD4DDEE9BD}.Release|x86.ActiveCfg = Release|Win32
		{83793FDA-5692-4B3F-8602-9DAD4DDEE9BD}.Release|x86.Build.0 = Release|Win32
		{D79F31DE-CFF6-4965-BF19-C4C2183488FE}.Debug|x64.ActiveCfg = Debug|x64
		{D79F31DE-CFF6-4965-BF19-C4C2183488FE}.Debug|x64.Build.0 = Debug|x64
		{D79F31DE-CFF6-4965-BF19-C4C2183488FE}.Debug|x86.ActiveCfg = Debug|Win32
		{D79F31DE-CFF6-4965-BF19-C4C2183488FE}.Debug|x86.Build.0 = Debug|Win32
		{D79F31DE-CFF6-4965-BF19-C4C2183488FE}.Release|x64.ActiveCfg = Release|x64
		{D79F31DE-CFF6-4965-BF19-C4C2183488FE}.Release|x64.Build.0 = Release|x64
		{D79F31DE-CFF6-4965-BF19-C4C2183488FE}.Release|x86.ActiveCfg = Release|Win32
		{D79F31DE-CFF6-4965-BF19-C4C2183488FE}.Release|x86.Build.0 = Release|Win32
		{D7964EC8-C3D2-4A38-82DF-9EFDE88DF64D}.Debug|x64.ActiveCfg = Debug|x64
		{D7964EC8-C3D2-4A38-82DF-9EFDE88DF64D}.Debug|x64.Build.0 = Debug|x64
		{D7964EC8-C3D2-4A38-82DF-9EFDE88DF64D}.Debug|x86.ActiveCfg = Debug|Win32
		{D7964EC8-C3D2-4A38-82DF-9EFDE88DF64D}.Debug|x86.Build.0 = Debug|Win32
		{D7964EC8-C3D2-4A38-82DF-9EFDE88DF64D}.Release|x64.ActiveCfg = Release|x64
		{D7964EC8-C3D2-4A38-82DF-9EFDE88DF64D}.Release|x64.Build.0 = Release|x64
		{D7964EC8-C3D2-4A38-82DF-9EFDE88DF64D}.Release|x86.ActiveCfg = Release|Win32
		{D7964EC8-C3D2-4A38-82DF-9EFDE88DF64D}.Release|x86.Build.0 = Release|Win32
		{B443CED6-EC5C-49C3-A6EE-88B3B32FB683}.Debug|x64.ActiveCfg = Debug|x64
		{B443CED6-EC5C-49C3-A6EE-88B3B32FB683}.Debug|x64.Build.0 = Debug|x64
		{B443CED6-EC5C-49C3-A6EE-88B3B32FB683}.Debug|x86.ActiveCfg = Debug|Win32
		{B443CED6-EC5C-49C3-A6EE-88B3B32FB683}.Debug|x86.Build.0 = Debug|Win32
		{B443CED6-EC5C-49C3-A6EE-88B3B32FB683}.Release|x64.ActiveCfg = Release|x64
		{B443CED6-EC5C-49C3-A6EE-88B3B32FB683}.Release|x64.Build.0 = Release|x64
		{B443CED6-EC5C-49C3-A6EE-88B3B32FB683}.Release|x86.ActiveCfg = Release|Win32
		{B443CED6-EC5C-49C3-A6EE-88B3B32FB683}.Release|x86.Build.0 = Release|Win32
	EndGlobalSection
	GlobalSection(SolutionProperties) = preSolution
		HideSolutionNode = FALSE
	EndGlobalSection
	GlobalSection(ExtensibilityGlobals) = postSolution
		SolutionGuid = {B067340F-BB2B-4E23-AE03-6AFA0C7B94EE}
	EndGlobalSection
EndGlobal
